
Microsoft Visual Studio Solution File, Format Version 12.00
# Visual Studio Version 17
VisualStudioVersion = 17.2.32505.173
MinimumVisualStudioVersion = 10.0.40219.1
Project("{9A19103F-16F7-4668-BE54-9A1E7A4F7556}") = "CL.WebApi", "CL.WebApi\CL.WebApi.csproj", "{E5FFD77D-F407-47B6-8320-D60A5F3CDF61}"
EndProject
Project("{2150E333-8FDC-42A3-9474-1A3956D46DE8}") = "1. CL.WebApi", "1. CL.WebApi", "{BBE9B452-361F-4DCA-BA81-DFD98BA41533}"
EndProject
Project("{2150E333-8FDC-42A3-9474-1A3956D46DE8}") = "2.CL.Manager", "2.CL.Manager", "{00AC707C-B0DF-4961-B69E-F2B27AE5AC34}"
EndProject
Project("{2150E333-8FDC-42A3-9474-1A3956D46DE8}") = "3.CL.Data", "3.CL.Data", "{DC961169-2A23-4621-947A-2275483B5D9A}"
EndProject
Project("{2150E333-8FDC-42A3-9474-1A3956D46DE8}") = "4.CL.Core", "4.CL.Core", "{80CBD43C-A02F-4082-9B0B-7378BDB9FC43}"
EndProject
Project("{2150E333-8FDC-42A3-9474-1A3956D46DE8}") = "5.CL.Tests", "5.CL.Tests", "{3F4829F7-3A82-4050-ADC5-B4FA43AA7571}"
EndProject
Project("{9A19103F-16F7-4668-BE54-9A1E7A4F7556}") = "CL.Manager", "CL.Manager\CL.Manager.csproj", "{EEA864F6-6D05-454C-B1AC-B7A4E64C9CB3}"
EndProject
Project("{9A19103F-16F7-4668-BE54-9A1E7A4F7556}") = "CL.Data", "CL.Data\CL.Data.csproj", "{1A9B5524-EA91-49D9-80F7-38180B654C32}"
EndProject
Project("{9A19103F-16F7-4668-BE54-9A1E7A4F7556}") = "CL.Core", "CL.Core\CL.Core.csproj", "{DAC6D5B2-9508-4C43-A6B8-BC919985ABAA}"
EndProject
Project("{9A19103F-16F7-4668-BE54-9A1E7A4F7556}") = "CL.Core.Shared", "CL.Core.Shared\CL.Core.Shared.csproj", "{6574ABDA-ADE6-4D6F-A63A-3057CF681B6E}"
EndProject
Project("{9A19103F-16F7-4668-BE54-9A1E7A4F7556}") = "CL.WebApi.Tests", "CL.WebApi.Tests\CL.WebApi.Tests.csproj", "{4F2D6D76-F6A2-41C5-BE12-E17933CA064A}"
EndProject
Project("{9A19103F-16F7-4668-BE54-9A1E7A4F7556}") = "CL.FakeData", "CL.FakeData\CL.FakeData.csproj", "{D21CF99E-68A6-4E34-B6F6-4BB9B5E56B57}"
EndProject
Project("{FAE04EC0-301F-11D3-BF4B-00C04F79EFBC}") = "CL.Manager.Tests", "CL.Manager.Tests\CL.Manager.Tests.csproj", "{ADBB0E6D-A58B-42E9-A14B-44F6C4780709}"
EndProject
Project("{FAE04EC0-301F-11D3-BF4B-00C04F79EFBC}") = "CL.Repository.Tests", "CL.Repository.Tests\CL.Repository.Tests.csproj", "{2571CC7B-27B9-46C9-B1BD-DEA678C55545}"
EndProject
Global
	GlobalSection(SolutionConfigurationPlatforms) = preSolution
		Debug|Any CPU = Debug|Any CPU
		Release|Any CPU = Release|Any CPU
	EndGlobalSection
	GlobalSection(ProjectConfigurationPlatforms) = postSolution
		{E5FFD77D-F407-47B6-8320-D60A5F3CDF61}.Debug|Any CPU.ActiveCfg = Debug|Any CPU
		{E5FFD77D-F407-47B6-8320-D60A5F3CDF61}.Debug|Any CPU.Build.0 = Debug|Any CPU
		{E5FFD77D-F407-47B6-8320-D60A5F3CDF61}.Release|Any CPU.ActiveCfg = Release|Any CPU
		{E5FFD77D-F407-47B6-8320-D60A5F3CDF61}.Release|Any CPU.Build.0 = Release|Any CPU
		{EEA864F6-6D05-454C-B1AC-B7A4E64C9CB3}.Debug|Any CPU.ActiveCfg = Debug|Any CPU
		{EEA864F6-6D05-454C-B1AC-B7A4E64C9CB3}.Debug|Any CPU.Build.0 = Debug|Any CPU
		{EEA864F6-6D05-454C-B1AC-B7A4E64C9CB3}.Release|Any CPU.ActiveCfg = Release|Any CPU
		{EEA864F6-6D05-454C-B1AC-B7A4E64C9CB3}.Release|Any CPU.Build.0 = Release|Any CPU
		{1A9B5524-EA91-49D9-80F7-38180B654C32}.Debug|Any CPU.ActiveCfg = Debug|Any CPU
		{1A9B5524-EA91-49D9-80F7-38180B654C32}.Debug|Any CPU.Build.0 = Debug|Any CPU
		{1A9B5524-EA91-49D9-80F7-38180B654C32}.Release|Any CPU.ActiveCfg = Release|Any CPU
		{1A9B5524-EA91-49D9-80F7-38180B654C32}.Release|Any CPU.Build.0 = Release|Any CPU
		{DAC6D5B2-9508-4C43-A6B8-BC919985ABAA}.Debug|Any CPU.ActiveCfg = Debug|Any CPU
		{DAC6D5B2-9508-4C43-A6B8-BC919985ABAA}.Debug|Any CPU.Build.0 = Debug|Any CPU
		{DAC6D5B2-9508-4C43-A6B8-BC919985ABAA}.Release|Any CPU.ActiveCfg = Release|Any CPU
		{DAC6D5B2-9508-4C43-A6B8-BC919985ABAA}.Release|Any CPU.Build.0 = Release|Any CPU
		{6574ABDA-ADE6-4D6F-A63A-3057CF681B6E}.Debug|Any CPU.ActiveCfg = Debug|Any CPU
		{6574ABDA-ADE6-4D6F-A63A-3057CF681B6E}.Debug|Any CPU.Build.0 = Debug|Any CPU
		{6574ABDA-ADE6-4D6F-A63A-3057CF681B6E}.Release|Any CPU.ActiveCfg = Release|Any CPU
		{6574ABDA-ADE6-4D6F-A63A-3057CF681B6E}.Release|Any CPU.Build.0 = Release|Any CPU
		{4F2D6D76-F6A2-41C5-BE12-E17933CA064A}.Debug|Any CPU.ActiveCfg = Debug|Any CPU
		{4F2D6D76-F6A2-41C5-BE12-E17933CA064A}.Debug|Any CPU.Build.0 = Debug|Any CPU
		{4F2D6D76-F6A2-41C5-BE12-E17933CA064A}.Release|Any CPU.ActiveCfg = Release|Any CPU
		{4F2D6D76-F6A2-41C5-BE12-E17933CA064A}.Release|Any CPU.Build.0 = Release|Any CPU
		{D21CF99E-68A6-4E34-B6F6-4BB9B5E56B57}.Debug|Any CPU.ActiveCfg = Debug|Any CPU
		{D21CF99E-68A6-4E34-B6F6-4BB9B5E56B57}.Debug|Any CPU.Build.0 = Debug|Any CPU
		{D21CF99E-68A6-4E34-B6F6-4BB9B5E56B57}.Release|Any CPU.ActiveCfg = Release|Any CPU
		{D21CF99E-68A6-4E34-B6F6-4BB9B5E56B57}.Release|Any CPU.Build.0 = Release|Any CPU
		{ADBB0E6D-A58B-42E9-A14B-44F6C4780709}.Debug|Any CPU.ActiveCfg = Debug|Any CPU
		{ADBB0E6D-A58B-42E9-A14B-44F6C4780709}.Debug|Any CPU.Build.0 = Debug|Any CPU
		{ADBB0E6D-A58B-42E9-A14B-44F6C4780709}.Release|Any CPU.ActiveCfg = Release|Any CPU
		{ADBB0E6D-A58B-42E9-A14B-44F6C4780709}.Release|Any CPU.Build.0 = Release|Any CPU
		{2571CC7B-27B9-46C9-B1BD-DEA678C55545}.Debug|Any CPU.ActiveCfg = Debug|Any CPU
		{2571CC7B-27B9-46C9-B1BD-DEA678C55545}.Debug|Any CPU.Build.0 = Debug|Any CPU
		{2571CC7B-27B9-46C9-B1BD-DEA678C55545}.Release|Any CPU.ActiveCfg = Release|Any CPU
		{2571CC7B-27B9-46C9-B1BD-DEA678C55545}.Release|Any CPU.Build.0 = Release|Any CPU
	EndGlobalSection
	GlobalSection(SolutionProperties) = preSolution
		HideSolutionNode = FALSE
	EndGlobalSection
	GlobalSection(NestedProjects) = preSolution
		{E5FFD77D-F407-47B6-8320-D60A5F3CDF61} = {BBE9B452-361F-4DCA-BA81-DFD98BA41533}
		{EEA864F6-6D05-454C-B1AC-B7A4E64C9CB3} = {00AC707C-B0DF-4961-B69E-F2B27AE5AC34}
		{1A9B5524-EA91-49D9-80F7-38180B654C32} = {DC961169-2A23-4621-947A-2275483B5D9A}
		{DAC6D5B2-9508-4C43-A6B8-BC919985ABAA} = {80CBD43C-A02F-4082-9B0B-7378BDB9FC43}
		{6574ABDA-ADE6-4D6F-A63A-3057CF681B6E} = {80CBD43C-A02F-4082-9B0B-7378BDB9FC43}
		{4F2D6D76-F6A2-41C5-BE12-E17933CA064A} = {3F4829F7-3A82-4050-ADC5-B4FA43AA7571}
		{D21CF99E-68A6-4E34-B6F6-4BB9B5E56B57} = {3F4829F7-3A82-4050-ADC5-B4FA43AA7571}
		{ADBB0E6D-A58B-42E9-A14B-44F6C4780709} = {3F4829F7-3A82-4050-ADC5-B4FA43AA7571}
		{2571CC7B-27B9-46C9-B1BD-DEA678C55545} = {3F4829F7-3A82-4050-ADC5-B4FA43AA7571}
	EndGlobalSection
	GlobalSection(ExtensibilityGlobals) = postSolution
		SolutionGuid = {3BC6973E-217A-4B51-A8D7-525598CFBE22}
	EndGlobalSection
EndGlobal
